// !$*UTF8*$!
{
	archiveVersion = 1;
	classes = {
	};
	objectVersion = 55;
	objects = {

/* Begin PBXBuildFile section */
		0607DC2C341F54A73020E41F /* Blog+Schema.swift in Sources */ = {isa = PBXBuildFile; fileRef = 3AB5AE81A3100BD91EF8F0A9 /* Blog+Schema.swift */; };
		09E996352D4DD1810F5E4E0C /* amplifyconfiguration.json in Resources */ = {isa = PBXBuildFile; fileRef = CEBCE27C4CBDF12A35564EDE /* amplifyconfiguration.json */; };
		1335035F010A6FABB1B8154C /* Message+Schema.swift in Sources */ = {isa = PBXBuildFile; fileRef = C7E222FFB9E276AE7D7D26A0 /* Message+Schema.swift */; };
		186CC81FB23B10F130BFEC41 /* Blog.swift in Sources */ = {isa = PBXBuildFile; fileRef = 1D1158A294D3A135F3CDEE17 /* Blog.swift */; };
		269D9A5A985FB56360EF51E4 /* Message.swift in Sources */ = {isa = PBXBuildFile; fileRef = B1140AFF46EBCE6D1AD6857F /* Message.swift */; };
		301AAF1F14548C5B04D54B2D /* Post+Schema.swift in Sources */ = {isa = PBXBuildFile; fileRef = 3DE4F99F6397180F0068B50A /* Post+Schema.swift */; };
		398F4F529EF8F9879D13F699 /* Comment.swift in Sources */ = {isa = PBXBuildFile; fileRef = 53CFCB841E1F0C5DA7E3155D /* Comment.swift */; };
		3A6D02EB6C709C4A7EEA01FD /* Comment+Schema.swift in Sources */ = {isa = PBXBuildFile; fileRef = B4D23418DDCEF669F0340E65 /* Comment+Schema.swift */; };
		4911EF3DDE44CB6155287840 /* Person+Schema.swift in Sources */ = {isa = PBXBuildFile; fileRef = B668DD7856690F26A6FB3A4C /* Person+Schema.swift */; };
		5215910128F8820B00D8F007 /* KingfisherSwiftUI in Frameworks */ = {isa = PBXBuildFile; productRef = 5215910028F8820B00D8F007 /* KingfisherSwiftUI */; };
		5215910328F8881F00D8F007 /* ProfileViewButton.swift in Sources */ = {isa = PBXBuildFile; fileRef = 5215910228F8881F00D8F007 /* ProfileViewButton.swift */; };
		521A69A928FC52F800E0A1CF /* ProfilePromotionView.swift in Sources */ = {isa = PBXBuildFile; fileRef = 521A69A828FC52F800E0A1CF /* ProfilePromotionView.swift */; };
		521A69AC28FC539800E0A1CF /* PromoModel.swift in Sources */ = {isa = PBXBuildFile; fileRef = 521A69AB28FC539800E0A1CF /* PromoModel.swift */; };
		521A69AF28FC551500E0A1CF /* ProfileViewModel.swift in Sources */ = {isa = PBXBuildFile; fileRef = 521A69AE28FC551500E0A1CF /* ProfileViewModel.swift */; };
		521A69B228FDBFC500E0A1CF /* ChatMessageView.swift in Sources */ = {isa = PBXBuildFile; fileRef = 521A69B128FDBFC500E0A1CF /* ChatMessageView.swift */; };
		521A69B528FF022800E0A1CF /* MessageModel.swift in Sources */ = {isa = PBXBuildFile; fileRef = 521A69B428FF022800E0A1CF /* MessageModel.swift */; };
		521A69B728FF033000E0A1CF /* Person.swift in Sources */ = {isa = PBXBuildFile; fileRef = 521A69B628FF033000E0A1CF /* Person.swift */; };
		521A69B928FF043A00E0A1CF /* MessagePreview.swift in Sources */ = {isa = PBXBuildFile; fileRef = 521A69B828FF043A00E0A1CF /* MessagePreview.swift */; };
		521A69BB28FF08A600E0A1CF /* ChatManager.swift in Sources */ = {isa = PBXBuildFile; fileRef = 521A69BA28FF08A600E0A1CF /* ChatManager.swift */; };
		521A69BD28FF09A800E0A1CF /* ChatView.swift in Sources */ = {isa = PBXBuildFile; fileRef = 521A69BC28FF09A800E0A1CF /* ChatView.swift */; };
		521A69BF28FF0EC000E0A1CF /* ChatHeaderView.swift in Sources */ = {isa = PBXBuildFile; fileRef = 521A69BE28FF0EC000E0A1CF /* ChatHeaderView.swift */; };
		52E6438128F7234000B21BC3 /* Tinder_CloneApp.swift in Sources */ = {isa = PBXBuildFile; fileRef = 52E6438028F7234000B21BC3 /* Tinder_CloneApp.swift */; };
		52E6438328F7234000B21BC3 /* ContentView.swift in Sources */ = {isa = PBXBuildFile; fileRef = 52E6438228F7234000B21BC3 /* ContentView.swift */; };
		52E6438528F7234300B21BC3 /* Assets.xcassets in Resources */ = {isa = PBXBuildFile; fileRef = 52E6438428F7234300B21BC3 /* Assets.xcassets */; };
		52E6438828F7234300B21BC3 /* Preview Assets.xcassets in Resources */ = {isa = PBXBuildFile; fileRef = 52E6438728F7234300B21BC3 /* Preview Assets.xcassets */; };
		52E6439128F7236700B21BC3 /* CoreView.swift in Sources */ = {isa = PBXBuildFile; fileRef = 52E6439028F7236700B21BC3 /* CoreView.swift */; };
		52E6439328F7266C00B21BC3 /* TabBarButtonsView.swift in Sources */ = {isa = PBXBuildFile; fileRef = 52E6439228F7266C00B21BC3 /* TabBarButtonsView.swift */; };
		52E6439528F7313300B21BC3 /* AppStateManager.swift in Sources */ = {isa = PBXBuildFile; fileRef = 52E6439428F7313300B21BC3 /* AppStateManager.swift */; };
		52E6439728F7351C00B21BC3 /* Extensions.swift in Sources */ = {isa = PBXBuildFile; fileRef = 52E6439628F7351C00B21BC3 /* Extensions.swift */; };
		52E6439A28F8760F00B21BC3 /* ProfileView.swift in Sources */ = {isa = PBXBuildFile; fileRef = 52E6439928F8760F00B21BC3 /* ProfileView.swift */; };
		52E6439D28F87F5100B21BC3 /* RoundedImage.swift in Sources */ = {isa = PBXBuildFile; fileRef = 52E6439C28F87F5100B21BC3 /* RoundedImage.swift */; };
		63DA756F1A4B1B40EDA42CEF /* awsconfiguration.json in Resources */ = {isa = PBXBuildFile; fileRef = 869C6CC62664D9BB2B7105F5 /* awsconfiguration.json */; };
		68BC617C54ED3E2D6D8CDC81 /* Person.swift in Sources */ = {isa = PBXBuildFile; fileRef = 5FE25682A167CD9602B4AB43 /* Person.swift */; };
		C128730BA33DE5A82CA684A9 /* AmplifyModels.swift in Sources */ = {isa = PBXBuildFile; fileRef = 592BF7DCC48269C2CEAC7F31 /* AmplifyModels.swift */; };
		D0F56F815F8A8019713ED8A9 /* Post.swift in Sources */ = {isa = PBXBuildFile; fileRef = C522975C095F505845F98564 /* Post.swift */; };
/* End PBXBuildFile section */

/* Begin PBXFileReference section */
		1D1158A294D3A135F3CDEE17 /* Blog.swift */ = {isa = PBXFileReference; explicitFileType = sourcecode.swift; lastKnownFileType = sourcecode.swift; name = Blog.swift; path = amplify/generated/models/Blog.swift; sourceTree = "<group>"; };
		3AB5AE81A3100BD91EF8F0A9 /* Blog+Schema.swift */ = {isa = PBXFileReference; explicitFileType = sourcecode.swift; lastKnownFileType = sourcecode.swift; name = "Blog+Schema.swift"; path = "amplify/generated/models/Blog+Schema.swift"; sourceTree = "<group>"; };
		3DE4F99F6397180F0068B50A /* Post+Schema.swift */ = {isa = PBXFileReference; explicitFileType = sourcecode.swift; lastKnownFileType = sourcecode.swift; name = "Post+Schema.swift"; path = "amplify/generated/models/Post+Schema.swift"; sourceTree = "<group>"; };
		5215910228F8881F00D8F007 /* ProfileViewButton.swift */ = {isa = PBXFileReference; lastKnownFileType = sourcecode.swift; path = ProfileViewButton.swift; sourceTree = "<group>"; };
		521A69A828FC52F800E0A1CF /* ProfilePromotionView.swift */ = {isa = PBXFileReference; lastKnownFileType = sourcecode.swift; path = ProfilePromotionView.swift; sourceTree = "<group>"; };
		521A69AB28FC539800E0A1CF /* PromoModel.swift */ = {isa = PBXFileReference; lastKnownFileType = sourcecode.swift; path = PromoModel.swift; sourceTree = "<group>"; };
		521A69AE28FC551500E0A1CF /* ProfileViewModel.swift */ = {isa = PBXFileReference; lastKnownFileType = sourcecode.swift; path = ProfileViewModel.swift; sourceTree = "<group>"; };
		521A69B128FDBFC500E0A1CF /* ChatMessageView.swift */ = {isa = PBXFileReference; lastKnownFileType = sourcecode.swift; path = ChatMessageView.swift; sourceTree = "<group>"; };
		521A69B428FF022800E0A1CF /* MessageModel.swift */ = {isa = PBXFileReference; lastKnownFileType = sourcecode.swift; path = MessageModel.swift; sourceTree = "<group>"; };
		521A69B628FF033000E0A1CF /* Person.swift */ = {isa = PBXFileReference; lastKnownFileType = sourcecode.swift; path = Person.swift; sourceTree = "<group>"; };
		521A69B828FF043A00E0A1CF /* MessagePreview.swift */ = {isa = PBXFileReference; lastKnownFileType = sourcecode.swift; path = MessagePreview.swift; sourceTree = "<group>"; };
		521A69BA28FF08A600E0A1CF /* ChatManager.swift */ = {isa = PBXFileReference; lastKnownFileType = sourcecode.swift; path = ChatManager.swift; sourceTree = "<group>"; };
		521A69BC28FF09A800E0A1CF /* ChatView.swift */ = {isa = PBXFileReference; lastKnownFileType = sourcecode.swift; path = ChatView.swift; sourceTree = "<group>"; };
		521A69BE28FF0EC000E0A1CF /* ChatHeaderView.swift */ = {isa = PBXFileReference; lastKnownFileType = sourcecode.swift; path = ChatHeaderView.swift; sourceTree = "<group>"; };
		52E6437D28F7234000B21BC3 /* Tinder-Clone.app */ = {isa = PBXFileReference; explicitFileType = wrapper.application; includeInIndex = 0; path = "Tinder-Clone.app"; sourceTree = BUILT_PRODUCTS_DIR; };
		52E6438028F7234000B21BC3 /* Tinder_CloneApp.swift */ = {isa = PBXFileReference; lastKnownFileType = sourcecode.swift; path = Tinder_CloneApp.swift; sourceTree = "<group>"; };
		52E6438228F7234000B21BC3 /* ContentView.swift */ = {isa = PBXFileReference; lastKnownFileType = sourcecode.swift; path = ContentView.swift; sourceTree = "<group>"; };
		52E6438428F7234300B21BC3 /* Assets.xcassets */ = {isa = PBXFileReference; lastKnownFileType = folder.assetcatalog; path = Assets.xcassets; sourceTree = "<group>"; };
		52E6438728F7234300B21BC3 /* Preview Assets.xcassets */ = {isa = PBXFileReference; lastKnownFileType = folder.assetcatalog; path = "Preview Assets.xcassets"; sourceTree = "<group>"; };
		52E6439028F7236700B21BC3 /* CoreView.swift */ = {isa = PBXFileReference; lastKnownFileType = sourcecode.swift; path = CoreView.swift; sourceTree = "<group>"; };
		52E6439228F7266C00B21BC3 /* TabBarButtonsView.swift */ = {isa = PBXFileReference; lastKnownFileType = sourcecode.swift; path = TabBarButtonsView.swift; sourceTree = "<group>"; };
		52E6439428F7313300B21BC3 /* AppStateManager.swift */ = {isa = PBXFileReference; lastKnownFileType = sourcecode.swift; path = AppStateManager.swift; sourceTree = "<group>"; };
		52E6439628F7351C00B21BC3 /* Extensions.swift */ = {isa = PBXFileReference; lastKnownFileType = sourcecode.swift; path = Extensions.swift; sourceTree = "<group>"; };
		52E6439928F8760F00B21BC3 /* ProfileView.swift */ = {isa = PBXFileReference; lastKnownFileType = sourcecode.swift; path = ProfileView.swift; sourceTree = "<group>"; };
		52E6439C28F87F5100B21BC3 /* RoundedImage.swift */ = {isa = PBXFileReference; lastKnownFileType = sourcecode.swift; path = RoundedImage.swift; sourceTree = "<group>"; };
		53CFCB841E1F0C5DA7E3155D /* Comment.swift */ = {isa = PBXFileReference; explicitFileType = sourcecode.swift; lastKnownFileType = sourcecode.swift; name = Comment.swift; path = amplify/generated/models/Comment.swift; sourceTree = "<group>"; };
		592BF7DCC48269C2CEAC7F31 /* AmplifyModels.swift */ = {isa = PBXFileReference; explicitFileType = sourcecode.swift; lastKnownFileType = sourcecode.swift; name = AmplifyModels.swift; path = amplify/generated/models/AmplifyModels.swift; sourceTree = "<group>"; };
		5FE25682A167CD9602B4AB43 /* Person.swift */ = {isa = PBXFileReference; explicitFileType = sourcecode.swift; lastKnownFileType = sourcecode.swift; name = Person.swift; path = amplify/generated/models/Person.swift; sourceTree = "<group>"; };
		869C6CC62664D9BB2B7105F5 /* awsconfiguration.json */ = {isa = PBXFileReference; explicitFileType = text.json; lastKnownFileType = text.json; name = awsconfiguration.json; path = awsconfiguration.json; sourceTree = "<group>"; };
		B1140AFF46EBCE6D1AD6857F /* Message.swift */ = {isa = PBXFileReference; explicitFileType = sourcecode.swift; lastKnownFileType = sourcecode.swift; name = Message.swift; path = amplify/generated/models/Message.swift; sourceTree = "<group>"; };
		B4D23418DDCEF669F0340E65 /* Comment+Schema.swift */ = {isa = PBXFileReference; explicitFileType = sourcecode.swift; lastKnownFileType = sourcecode.swift; name = "Comment+Schema.swift"; path = "amplify/generated/models/Comment+Schema.swift"; sourceTree = "<group>"; };
		B668DD7856690F26A6FB3A4C /* Person+Schema.swift */ = {isa = PBXFileReference; explicitFileType = sourcecode.swift; lastKnownFileType = sourcecode.swift; name = "Person+Schema.swift"; path = "amplify/generated/models/Person+Schema.swift"; sourceTree = "<group>"; };
		C522975C095F505845F98564 /* Post.swift */ = {isa = PBXFileReference; explicitFileType = sourcecode.swift; lastKnownFileType = sourcecode.swift; name = Post.swift; path = amplify/generated/models/Post.swift; sourceTree = "<group>"; };
		C7E222FFB9E276AE7D7D26A0 /* Message+Schema.swift */ = {isa = PBXFileReference; explicitFileType = sourcecode.swift; lastKnownFileType = sourcecode.swift; name = "Message+Schema.swift"; path = "amplify/generated/models/Message+Schema.swift"; sourceTree = "<group>"; };
		CEBCE27C4CBDF12A35564EDE /* amplifyconfiguration.json */ = {isa = PBXFileReference; explicitFileType = text.json; lastKnownFileType = text.json; name = amplifyconfiguration.json; path = amplifyconfiguration.json; sourceTree = "<group>"; };
/* End PBXFileReference section */

/* Begin PBXFrameworksBuildPhase section */
		52E6437A28F7234000B21BC3 /* Frameworks */ = {
			isa = PBXFrameworksBuildPhase;
			buildActionMask = 2147483647;
			files = (
				5215910128F8820B00D8F007 /* KingfisherSwiftUI in Frameworks */,
			);
			runOnlyForDeploymentPostprocessing = 0;
		};
/* End PBXFrameworksBuildPhase section */

/* Begin PBXGroup section */
		521A69AA28FC538500E0A1CF /* Models */ = {
			isa = PBXGroup;
			children = (
				521A69B328FF021600E0A1CF /* MessageModels */,
				521A69AB28FC539800E0A1CF /* PromoModel.swift */,
			);
			path = Models;
			sourceTree = "<group>";
		};
		521A69AD28FC53DD00E0A1CF /* ViewModel */ = {
			isa = PBXGroup;
			children = (
				521A69AE28FC551500E0A1CF /* ProfileViewModel.swift */,
				521A69BA28FF08A600E0A1CF /* ChatManager.swift */,
			);
			path = ViewModel;
			sourceTree = "<group>";
		};
		521A69B028FDBFB500E0A1CF /* ChatView */ = {
			isa = PBXGroup;
			children = (
				521A69B128FDBFC500E0A1CF /* ChatMessageView.swift */,
				521A69BC28FF09A800E0A1CF /* ChatView.swift */,
				521A69BE28FF0EC000E0A1CF /* ChatHeaderView.swift */,
			);
			path = ChatView;
			sourceTree = "<group>";
		};
		521A69B328FF021600E0A1CF /* MessageModels */ = {
			isa = PBXGroup;
			children = (
				521A69B428FF022800E0A1CF /* MessageModel.swift */,
				521A69B628FF033000E0A1CF /* Person.swift */,
				521A69B828FF043A00E0A1CF /* MessagePreview.swift */,
			);
			path = MessageModels;
			sourceTree = "<group>";
		};
		52E6437428F7234000B21BC3 = {
			isa = PBXGroup;
			children = (
				52E6437F28F7234000B21BC3 /* Tinder-Clone */,
				52E6437E28F7234000B21BC3 /* Products */,
				596930D90A633EDAF65643B6 /* AmplifyConfig */,
				98FD17C56F6B0A6296FA28DF /* AmplifyModels */,
			);
			sourceTree = "<group>";
		};
		52E6437E28F7234000B21BC3 /* Products */ = {
			isa = PBXGroup;
			children = (
				52E6437D28F7234000B21BC3 /* Tinder-Clone.app */,
			);
			name = Products;
			sourceTree = "<group>";
		};
		52E6437F28F7234000B21BC3 /* Tinder-Clone */ = {
			isa = PBXGroup;
			children = (
				521A69AD28FC53DD00E0A1CF /* ViewModel */,
				521A69AA28FC538500E0A1CF /* Models */,
				52E6438E28F7234900B21BC3 /* Views */,
				52E6438028F7234000B21BC3 /* Tinder_CloneApp.swift */,
				52E6438228F7234000B21BC3 /* ContentView.swift */,
				52E6438428F7234300B21BC3 /* Assets.xcassets */,
				52E6438628F7234300B21BC3 /* Preview Content */,
				52E6439428F7313300B21BC3 /* AppStateManager.swift */,
				52E6439628F7351C00B21BC3 /* Extensions.swift */,
			);
			path = "Tinder-Clone";
			sourceTree = "<group>";
		};
		52E6438628F7234300B21BC3 /* Preview Content */ = {
			isa = PBXGroup;
			children = (
				52E6438728F7234300B21BC3 /* Preview Assets.xcassets */,
			);
			path = "Preview Content";
			sourceTree = "<group>";
		};
		52E6438E28F7234900B21BC3 /* Views */ = {
			isa = PBXGroup;
			children = (
				521A69B028FDBFB500E0A1CF /* ChatView */,
				52E6439B28F87F3400B21BC3 /* HelperViews */,
				52E6439828F875F100B21BC3 /* ProfileViews */,
				52E6438F28F7235700B21BC3 /* Components */,
				52E6439028F7236700B21BC3 /* CoreView.swift */,
			);
			path = Views;
			sourceTree = "<group>";
		};
		52E6438F28F7235700B21BC3 /* Components */ = {
			isa = PBXGroup;
			children = (
				52E6439228F7266C00B21BC3 /* TabBarButtonsView.swift */,
			);
			path = Components;
			sourceTree = "<group>";
		};
		52E6439828F875F100B21BC3 /* ProfileViews */ = {
			isa = PBXGroup;
			children = (
				52E6439928F8760F00B21BC3 /* ProfileView.swift */,
				5215910228F8881F00D8F007 /* ProfileViewButton.swift */,
				521A69A828FC52F800E0A1CF /* ProfilePromotionView.swift */,
			);
			path = ProfileViews;
			sourceTree = "<group>";
		};
		52E6439B28F87F3400B21BC3 /* HelperViews */ = {
			isa = PBXGroup;
			children = (
				52E6439C28F87F5100B21BC3 /* RoundedImage.swift */,
			);
			path = HelperViews;
			sourceTree = "<group>";
		};
		596930D90A633EDAF65643B6 /* AmplifyConfig */ = {
			isa = PBXGroup;
			children = (
				869C6CC62664D9BB2B7105F5 /* awsconfiguration.json */,
				CEBCE27C4CBDF12A35564EDE /* amplifyconfiguration.json */,
			);
			name = AmplifyConfig;
			sourceTree = "<group>";
		};
		98FD17C56F6B0A6296FA28DF /* AmplifyModels */ = {
			isa = PBXGroup;
			children = (
				592BF7DCC48269C2CEAC7F31 /* AmplifyModels.swift */,
				3AB5AE81A3100BD91EF8F0A9 /* Blog+Schema.swift */,
				1D1158A294D3A135F3CDEE17 /* Blog.swift */,
				B4D23418DDCEF669F0340E65 /* Comment+Schema.swift */,
				53CFCB841E1F0C5DA7E3155D /* Comment.swift */,
				3DE4F99F6397180F0068B50A /* Post+Schema.swift */,
				C522975C095F505845F98564 /* Post.swift */,
				C7E222FFB9E276AE7D7D26A0 /* Message+Schema.swift */,
				B1140AFF46EBCE6D1AD6857F /* Message.swift */,
				B668DD7856690F26A6FB3A4C /* Person+Schema.swift */,
				5FE25682A167CD9602B4AB43 /* Person.swift */,
			);
			name = AmplifyModels;
			sourceTree = "<group>";
		};
/* End PBXGroup section */

/* Begin PBXNativeTarget section */
		52E6437C28F7234000B21BC3 /* Tinder-Clone */ = {
			isa = PBXNativeTarget;
			buildConfigurationList = 52E6438B28F7234300B21BC3 /* Build configuration list for PBXNativeTarget "Tinder-Clone" */;
			buildPhases = (
				52E6437928F7234000B21BC3 /* Sources */,
				52E6437A28F7234000B21BC3 /* Frameworks */,
				52E6437B28F7234000B21BC3 /* Resources */,
			);
			buildRules = (
			);
			dependencies = (
			);
			name = "Tinder-Clone";
			packageProductDependencies = (
				5215910028F8820B00D8F007 /* KingfisherSwiftUI */,
			);
			productName = "Tinder-Clone";
			productReference = 52E6437D28F7234000B21BC3 /* Tinder-Clone.app */;
			productType = "com.apple.product-type.application";
		};
/* End PBXNativeTarget section */

/* Begin PBXProject section */
		52E6437528F7234000B21BC3 /* Project object */ = {
			isa = PBXProject;
			attributes = {
				BuildIndependentTargetsInParallel = 1;
				LastSwiftUpdateCheck = 1340;
				LastUpgradeCheck = 1340;
				TargetAttributes = {
					52E6437C28F7234000B21BC3 = {
						CreatedOnToolsVersion = 13.4.1;
					};
				};
			};
			buildConfigurationList = 52E6437828F7234000B21BC3 /* Build configuration list for PBXProject "Tinder-Clone" */;
			compatibilityVersion = "Xcode 13.0";
			developmentRegion = en;
			hasScannedForEncodings = 0;
			knownRegions = (
				en,
				Base,
			);
			mainGroup = 52E6437428F7234000B21BC3;
			packageReferences = (
				521590FF28F8820A00D8F007 /* XCRemoteSwiftPackageReference "Kingfisher" */,
			);
			productRefGroup = 52E6437E28F7234000B21BC3 /* Products */;
			projectDirPath = "";
			projectRoot = "";
			targets = (
				52E6437C28F7234000B21BC3 /* Tinder-Clone */,
			);
		};
/* End PBXProject section */

/* Begin PBXResourcesBuildPhase section */
		52E6437B28F7234000B21BC3 /* Resources */ = {
			isa = PBXResourcesBuildPhase;
			buildActionMask = 2147483647;
			files = (
				52E6438828F7234300B21BC3 /* Preview Assets.xcassets in Resources */,
				52E6438528F7234300B21BC3 /* Assets.xcassets in Resources */,
				63DA756F1A4B1B40EDA42CEF /* awsconfiguration.json in Resources */,
				09E996352D4DD1810F5E4E0C /* amplifyconfiguration.json in Resources */,
			);
			runOnlyForDeploymentPostprocessing = 0;
		};
/* End PBXResourcesBuildPhase section */

/* Begin PBXSourcesBuildPhase section */
		52E6437928F7234000B21BC3 /* Sources */ = {
			isa = PBXSourcesBuildPhase;
			buildActionMask = 2147483647;
			files = (
				521A69BB28FF08A600E0A1CF /* ChatManager.swift in Sources */,
				521A69B728FF033000E0A1CF /* Person.swift in Sources */,
				521A69B228FDBFC500E0A1CF /* ChatMessageView.swift in Sources */,
				521A69AC28FC539800E0A1CF /* PromoModel.swift in Sources */,
				521A69BF28FF0EC000E0A1CF /* ChatHeaderView.swift in Sources */,
				521A69BD28FF09A800E0A1CF /* ChatView.swift in Sources */,
				521A69A928FC52F800E0A1CF /* ProfilePromotionView.swift in Sources */,
				52E6439328F7266C00B21BC3 /* TabBarButtonsView.swift in Sources */,
				52E6439D28F87F5100B21BC3 /* RoundedImage.swift in Sources */,
				521A69B928FF043A00E0A1CF /* MessagePreview.swift in Sources */,
				52E6439728F7351C00B21BC3 /* Extensions.swift in Sources */,
				52E6438328F7234000B21BC3 /* ContentView.swift in Sources */,
				521A69AF28FC551500E0A1CF /* ProfileViewModel.swift in Sources */,
				52E6439128F7236700B21BC3 /* CoreView.swift in Sources */,
				521A69B528FF022800E0A1CF /* MessageModel.swift in Sources */,
				5215910328F8881F00D8F007 /* ProfileViewButton.swift in Sources */,
				52E6438128F7234000B21BC3 /* Tinder_CloneApp.swift in Sources */,
				52E6439A28F8760F00B21BC3 /* ProfileView.swift in Sources */,
				52E6439528F7313300B21BC3 /* AppStateManager.swift in Sources */,
				C128730BA33DE5A82CA684A9 /* AmplifyModels.swift in Sources */,
				0607DC2C341F54A73020E41F /* Blog+Schema.swift in Sources */,
				186CC81FB23B10F130BFEC41 /* Blog.swift in Sources */,
				3A6D02EB6C709C4A7EEA01FD /* Comment+Schema.swift in Sources */,
				398F4F529EF8F9879D13F699 /* Comment.swift in Sources */,
				301AAF1F14548C5B04D54B2D /* Post+Schema.swift in Sources */,
				D0F56F815F8A8019713ED8A9 /* Post.swift in Sources */,
				1335035F010A6FABB1B8154C /* Message+Schema.swift in Sources */,
				269D9A5A985FB56360EF51E4 /* Message.swift in Sources */,
				4911EF3DDE44CB6155287840 /* Person+Schema.swift in Sources */,
				68BC617C54ED3E2D6D8CDC81 /* Person.swift in Sources */,
			);
			runOnlyForDeploymentPostprocessing = 0;
		};
/* End PBXSourcesBuildPhase section */

/* Begin XCBuildConfiguration section */
		52E6438928F7234300B21BC3 /* Debug */ = {
			isa = XCBuildConfiguration;
			buildSettings = {
				ALWAYS_SEARCH_USER_PATHS = NO;
				CLANG_ANALYZER_NONNULL = YES;
				CLANG_ANALYZER_NUMBER_OBJECT_CONVERSION = YES_AGGRESSIVE;
				CLANG_CXX_LANGUAGE_STANDARD = "gnu++17";
				CLANG_ENABLE_MODULES = YES;
				CLANG_ENABLE_OBJC_ARC = YES;
				CLANG_ENABLE_OBJC_WEAK = YES;
				CLANG_WARN_BLOCK_CAPTURE_AUTORELEASING = YES;
				CLANG_WARN_BOOL_CONVERSION = YES;
				CLANG_WARN_COMMA = YES;
				CLANG_WARN_CONSTANT_CONVERSION = YES;
				CLANG_WARN_DEPRECATED_OBJC_IMPLEMENTATIONS = YES;
				CLANG_WARN_DIRECT_OBJC_ISA_USAGE = YES_ERROR;
				CLANG_WARN_DOCUMENTATION_COMMENTS = YES;
				CLANG_WARN_EMPTY_BODY = YES;
				CLANG_WARN_ENUM_CONVERSION = YES;
				CLANG_WARN_INFINITE_RECURSION = YES;
				CLANG_WARN_INT_CONVERSION = YES;
				CLANG_WARN_NON_LITERAL_NULL_CONVERSION = YES;
				CLANG_WARN_OBJC_IMPLICIT_RETAIN_SELF = YES;
				CLANG_WARN_OBJC_LITERAL_CONVERSION = YES;
				CLANG_WARN_OBJC_ROOT_CLASS = YES_ERROR;
				CLANG_WARN_QUOTED_INCLUDE_IN_FRAMEWORK_HEADER = YES;
				CLANG_WARN_RANGE_LOOP_ANALYSIS = YES;
				CLANG_WARN_STRICT_PROTOTYPES = YES;
				CLANG_WARN_SUSPICIOUS_MOVE = YES;
				CLANG_WARN_UNGUARDED_AVAILABILITY = YES_AGGRESSIVE;
				CLANG_WARN_UNREACHABLE_CODE = YES;
				CLANG_WARN__DUPLICATE_METHOD_MATCH = YES;
				COPY_PHASE_STRIP = NO;
				DEBUG_INFORMATION_FORMAT = dwarf;
				ENABLE_STRICT_OBJC_MSGSEND = YES;
				ENABLE_TESTABILITY = YES;
				GCC_C_LANGUAGE_STANDARD = gnu11;
				GCC_DYNAMIC_NO_PIC = NO;
				GCC_NO_COMMON_BLOCKS = YES;
				GCC_OPTIMIZATION_LEVEL = 0;
				GCC_PREPROCESSOR_DEFINITIONS = (
					"DEBUG=1",
					"$(inherited)",
				);
				GCC_WARN_64_TO_32_BIT_CONVERSION = YES;
				GCC_WARN_ABOUT_RETURN_TYPE = YES_ERROR;
				GCC_WARN_UNDECLARED_SELECTOR = YES;
				GCC_WARN_UNINITIALIZED_AUTOS = YES_AGGRESSIVE;
				GCC_WARN_UNUSED_FUNCTION = YES;
				GCC_WARN_UNUSED_VARIABLE = YES;
				IPHONEOS_DEPLOYMENT_TARGET = 15.5;
				MTL_ENABLE_DEBUG_INFO = INCLUDE_SOURCE;
				MTL_FAST_MATH = YES;
				ONLY_ACTIVE_ARCH = YES;
				SDKROOT = iphoneos;
				SWIFT_ACTIVE_COMPILATION_CONDITIONS = DEBUG;
				SWIFT_OPTIMIZATION_LEVEL = "-Onone";
			};
			name = Debug;
		};
		52E6438A28F7234300B21BC3 /* Release */ = {
			isa = XCBuildConfiguration;
			buildSettings = {
				ALWAYS_SEARCH_USER_PATHS = NO;
				CLANG_ANALYZER_NONNULL = YES;
				CLANG_ANALYZER_NUMBER_OBJECT_CONVERSION = YES_AGGRESSIVE;
				CLANG_CXX_LANGUAGE_STANDARD = "gnu++17";
				CLANG_ENABLE_MODULES = YES;
				CLANG_ENABLE_OBJC_ARC = YES;
				CLANG_ENABLE_OBJC_WEAK = YES;
				CLANG_WARN_BLOCK_CAPTURE_AUTORELEASING = YES;
				CLANG_WARN_BOOL_CONVERSION = YES;
				CLANG_WARN_COMMA = YES;
				CLANG_WARN_CONSTANT_CONVERSION = YES;
				CLANG_WARN_DEPRECATED_OBJC_IMPLEMENTATIONS = YES;
				CLANG_WARN_DIRECT_OBJC_ISA_USAGE = YES_ERROR;
				CLANG_WARN_DOCUMENTATION_COMMENTS = YES;
				CLANG_WARN_EMPTY_BODY = YES;
				CLANG_WARN_ENUM_CONVERSION = YES;
				CLANG_WARN_INFINITE_RECURSION = YES;
				CLANG_WARN_INT_CONVERSION = YES;
				CLANG_WARN_NON_LITERAL_NULL_CONVERSION = YES;
				CLANG_WARN_OBJC_IMPLICIT_RETAIN_SELF = YES;
				CLANG_WARN_OBJC_LITERAL_CONVERSION = YES;
				CLANG_WARN_OBJC_ROOT_CLASS = YES_ERROR;
				CLANG_WARN_QUOTED_INCLUDE_IN_FRAMEWORK_HEADER = YES;
				CLANG_WARN_RANGE_LOOP_ANALYSIS = YES;
				CLANG_WARN_STRICT_PROTOTYPES = YES;
				CLANG_WARN_SUSPICIOUS_MOVE = YES;
				CLANG_WARN_UNGUARDED_AVAILABILITY = YES_AGGRESSIVE;
				CLANG_WARN_UNREACHABLE_CODE = YES;
				CLANG_WARN__DUPLICATE_METHOD_MATCH = YES;
				COPY_PHASE_STRIP = NO;
				DEBUG_INFORMATION_FORMAT = "dwarf-with-dsym";
				ENABLE_NS_ASSERTIONS = NO;
				ENABLE_STRICT_OBJC_MSGSEND = YES;
				GCC_C_LANGUAGE_STANDARD = gnu11;
				GCC_NO_COMMON_BLOCKS = YES;
				GCC_WARN_64_TO_32_BIT_CONVERSION = YES;
				GCC_WARN_ABOUT_RETURN_TYPE = YES_ERROR;
				GCC_WARN_UNDECLARED_SELECTOR = YES;
				GCC_WARN_UNINITIALIZED_AUTOS = YES_AGGRESSIVE;
				GCC_WARN_UNUSED_FUNCTION = YES;
				GCC_WARN_UNUSED_VARIABLE = YES;
				IPHONEOS_DEPLOYMENT_TARGET = 15.5;
				MTL_ENABLE_DEBUG_INFO = NO;
				MTL_FAST_MATH = YES;
				SDKROOT = iphoneos;
				SWIFT_COMPILATION_MODE = wholemodule;
				SWIFT_OPTIMIZATION_LEVEL = "-O";
				VALIDATE_PRODUCT = YES;
			};
			name = Release;
		};
		52E6438C28F7234300B21BC3 /* Debug */ = {
			isa = XCBuildConfiguration;
			buildSettings = {
				ASSETCATALOG_COMPILER_APPICON_NAME = AppIcon;
				ASSETCATALOG_COMPILER_GLOBAL_ACCENT_COLOR_NAME = AccentColor;
				CODE_SIGN_STYLE = Automatic;
				CURRENT_PROJECT_VERSION = 1;
				DEVELOPMENT_ASSET_PATHS = "\"Tinder-Clone/Preview Content\"";
				DEVELOPMENT_TEAM = 38B6GJYHR8;
				ENABLE_PREVIEWS = YES;
				GENERATE_INFOPLIST_FILE = YES;
				INFOPLIST_KEY_UIApplicationSceneManifest_Generation = YES;
				INFOPLIST_KEY_UIApplicationSupportsIndirectInputEvents = YES;
				INFOPLIST_KEY_UILaunchScreen_Generation = YES;
				INFOPLIST_KEY_UISupportedInterfaceOrientations_iPad = "UIInterfaceOrientationPortrait UIInterfaceOrientationPortraitUpsideDown UIInterfaceOrientationLandscapeLeft UIInterfaceOrientationLandscapeRight";
				INFOPLIST_KEY_UISupportedInterfaceOrientations_iPhone = "UIInterfaceOrientationPortrait UIInterfaceOrientationLandscapeLeft UIInterfaceOrientationLandscapeRight";
				LD_RUNPATH_SEARCH_PATHS = (
					"$(inherited)",
					"@executable_path/Frameworks",
				);
				MARKETING_VERSION = 1.0;
				PRODUCT_BUNDLE_IDENTIFIER = "com.simulate.location.Tinder-Clone";
				PRODUCT_NAME = "$(TARGET_NAME)";
				SWIFT_EMIT_LOC_STRINGS = YES;
				SWIFT_VERSION = 5.0;
				TARGETED_DEVICE_FAMILY = "1,2";
			};
			name = Debug;
		};
		52E6438D28F7234300B21BC3 /* Release */ = {
			isa = XCBuildConfiguration;
			buildSettings = {
				ASSETCATALOG_COMPILER_APPICON_NAME = AppIcon;
				ASSETCATALOG_COMPILER_GLOBAL_ACCENT_COLOR_NAME = AccentColor;
				CODE_SIGN_STYLE = Automatic;
				CURRENT_PROJECT_VERSION = 1;
				DEVELOPMENT_ASSET_PATHS = "\"Tinder-Clone/Preview Content\"";
				DEVELOPMENT_TEAM = 38B6GJYHR8;
				ENABLE_PREVIEWS = YES;
				GENERATE_INFOPLIST_FILE = YES;
				INFOPLIST_KEY_UIApplicationSceneManifest_Generation = YES;
				INFOPLIST_KEY_UIApplicationSupportsIndirectInputEvents = YES;
				INFOPLIST_KEY_UILaunchScreen_Generation = YES;
				INFOPLIST_KEY_UISupportedInterfaceOrientations_iPad = "UIInterfaceOrientationPortrait UIInterfaceOrientationPortraitUpsideDown UIInterfaceOrientationLandscapeLeft UIInterfaceOrientationLandscapeRight";
				INFOPLIST_KEY_UISupportedInterfaceOrientations_iPhone = "UIInterfaceOrientationPortrait UIInterfaceOrientationLandscapeLeft UIInterfaceOrientationLandscapeRight";
				LD_RUNPATH_SEARCH_PATHS = (
					"$(inherited)",
					"@executable_path/Frameworks",
				);
				MARKETING_VERSION = 1.0;
				PRODUCT_BUNDLE_IDENTIFIER = "com.simulate.location.Tinder-Clone";
				PRODUCT_NAME = "$(TARGET_NAME)";
				SWIFT_EMIT_LOC_STRINGS = YES;
				SWIFT_VERSION = 5.0;
				TARGETED_DEVICE_FAMILY = "1,2";
			};
			name = Release;
		};
/* End XCBuildConfiguration section */

/* Begin XCConfigurationList section */
		52E6437828F7234000B21BC3 /* Build configuration list for PBXProject "Tinder-Clone" */ = {
			isa = XCConfigurationList;
			buildConfigurations = (
				52E6438928F7234300B21BC3 /* Debug */,
				52E6438A28F7234300B21BC3 /* Release */,
			);
			defaultConfigurationIsVisible = 0;
			defaultConfigurationName = Release;
		};
		52E6438B28F7234300B21BC3 /* Build configuration list for PBXNativeTarget "Tinder-Clone" */ = {
			isa = XCConfigurationList;
			buildConfigurations = (
				52E6438C28F7234300B21BC3 /* Debug */,
				52E6438D28F7234300B21BC3 /* Release */,
			);
			defaultConfigurationIsVisible = 0;
			defaultConfigurationName = Release;
		};
/* End XCConfigurationList section */

/* Begin XCRemoteSwiftPackageReference section */
		521590FF28F8820A00D8F007 /* XCRemoteSwiftPackageReference "Kingfisher" */ = {
			isa = XCRemoteSwiftPackageReference;
			repositoryURL = "https://github.com/onevcat/Kingfisher";
			requirement = {
				kind = exactVersion;
				version = 5.15.7;
			};
		};
/* End XCRemoteSwiftPackageReference section */

/* Begin XCSwiftPackageProductDependency section */
		5215910028F8820B00D8F007 /* KingfisherSwiftUI */ = {
			isa = XCSwiftPackageProductDependency;
			package = 521590FF28F8820A00D8F007 /* XCRemoteSwiftPackageReference "Kingfisher" */;
			productName = KingfisherSwiftUI;
		};
/* End XCSwiftPackageProductDependency section */
	};
	rootObject = 52E6437528F7234000B21BC3 /* Project object */;
}
